
Microsoft Visual Studio Solution File, Format Version 12.00
# Visual Studio Version 17
VisualStudioVersion = 17.3.32901.215
MinimumVisualStudioVersion = 10.0.40219.1
Project("{9A19103F-16F7-4668-BE54-9A1E7A4F7556}") = "Asp.NetBlogProject", "MvcBlogProject\Asp.NetBlogProject.csproj", "{B1B9FA10-8966-4754-BF1D-8DE2A47B1151}"
EndProject
Project("{9A19103F-16F7-4668-BE54-9A1E7A4F7556}") = "EntityLayer", "EntityLayer\EntityLayer.csproj", "{A3296F46-F752-4476-A4EE-808994751F56}"
EndProject
Project("{9A19103F-16F7-4668-BE54-9A1E7A4F7556}") = "DataAccessLayer", "DataAccessLayer\DataAccessLayer.csproj", "{59C2C7C4-5E09-4F6E-B455-1B4CF5BD15A8}"
EndProject
Project("{9A19103F-16F7-4668-BE54-9A1E7A4F7556}") = "BusinessLayer", "BusinessLayer\BusinessLayer.csproj", "{5C63E205-E818-4F46-90DB-9C2E11AF4100}"
EndProject
Project("{9A19103F-16F7-4668-BE54-9A1E7A4F7556}") = "CoreLayer", "CoreLayer\CoreLayer.csproj", "{820E0F49-1523-45E2-97A4-A278DBBB51C3}"
EndProject
Global
	GlobalSection(SolutionConfigurationPlatforms) = preSolution
		Debug|Any CPU = Debug|Any CPU
		Release|Any CPU = Release|Any CPU
	EndGlobalSection
	GlobalSection(ProjectConfigurationPlatforms) = postSolution
		{B1B9FA10-8966-4754-BF1D-8DE2A47B1151}.Debug|Any CPU.ActiveCfg = Debug|Any CPU
		{B1B9FA10-8966-4754-BF1D-8DE2A47B1151}.Debug|Any CPU.Build.0 = Debug|Any CPU
		{B1B9FA10-8966-4754-BF1D-8DE2A47B1151}.Release|Any CPU.ActiveCfg = Release|Any CPU
		{B1B9FA10-8966-4754-BF1D-8DE2A47B1151}.Release|Any CPU.Build.0 = Release|Any CPU
		{A3296F46-F752-4476-A4EE-808994751F56}.Debug|Any CPU.ActiveCfg = Debug|Any CPU
		{A3296F46-F752-4476-A4EE-808994751F56}.Debug|Any CPU.Build.0 = Debug|Any CPU
		{A3296F46-F752-4476-A4EE-808994751F56}.Release|Any CPU.ActiveCfg = Release|Any CPU
		{A3296F46-F752-4476-A4EE-808994751F56}.Release|Any CPU.Build.0 = Release|Any CPU
		{59C2C7C4-5E09-4F6E-B455-1B4CF5BD15A8}.Debug|Any CPU.ActiveCfg = Debug|Any CPU
		{59C2C7C4-5E09-4F6E-B455-1B4CF5BD15A8}.Debug|Any CPU.Build.0 = Debug|Any CPU
		{59C2C7C4-5E09-4F6E-B455-1B4CF5BD15A8}.Release|Any CPU.ActiveCfg = Release|Any CPU
		{59C2C7C4-5E09-4F6E-B455-1B4CF5BD15A8}.Release|Any CPU.Build.0 = Release|Any CPU
		{5C63E205-E818-4F46-90DB-9C2E11AF4100}.Debug|Any CPU.ActiveCfg = Debug|Any CPU
		{5C63E205-E818-4F46-90DB-9C2E11AF4100}.Debug|Any CPU.Build.0 = Debug|Any CPU
		{5C63E205-E818-4F46-90DB-9C2E11AF4100}.Release|Any CPU.ActiveCfg = Release|Any CPU
		{5C63E205-E818-4F46-90DB-9C2E11AF4100}.Release|Any CPU.Build.0 = Release|Any CPU
		{820E0F49-1523-45E2-97A4-A278DBBB51C3}.Debug|Any CPU.ActiveCfg = Debug|Any CPU
		{820E0F49-1523-45E2-97A4-A278DBBB51C3}.Debug|Any CPU.Build.0 = Debug|Any CPU
		{820E0F49-1523-45E2-97A4-A278DBBB51C3}.Release|Any CPU.ActiveCfg = Release|Any CPU
		{820E0F49-1523-45E2-97A4-A278DBBB51C3}.Release|Any CPU.Build.0 = Release|Any CPU
	EndGlobalSection
	GlobalSection(SolutionProperties) = preSolution
		HideSolutionNode = FALSE
	EndGlobalSection
	GlobalSection(ExtensibilityGlobals) = postSolution
		SolutionGuid = {8AB527CF-FE5E-4A36-9091-E8B5F91B5802}
	EndGlobalSection
EndGlobal
